// !$*UTF8*$!
{
	archiveVersion = 1;
	classes = {
	};
	objectVersion = 46;
	objects = {

/* Begin PBXBuildFile section */
		806438451A634512005BB85D /* main.m in Sources */ = {isa = PBXBuildFile; fileRef = 806438441A634512005BB85D /* main.m */; };
		806438481A634512005BB85D /* AppDelegate.m in Sources */ = {isa = PBXBuildFile; fileRef = 806438471A634512005BB85D /* AppDelegate.m */; };
		8064384B1A634512005BB85D /* ViewController.m in Sources */ = {isa = PBXBuildFile; fileRef = 8064384A1A634512005BB85D /* ViewController.m */; };
		8064384E1A634512005BB85D /* Main.storyboard in Resources */ = {isa = PBXBuildFile; fileRef = 8064384C1A634512005BB85D /* Main.storyboard */; };
		806438501A634512005BB85D /* Images.xcassets in Resources */ = {isa = PBXBuildFile; fileRef = 8064384F1A634512005BB85D /* Images.xcassets */; };
		806438531A634512005BB85D /* LaunchScreen.xib in Resources */ = {isa = PBXBuildFile; fileRef = 806438511A634512005BB85D /* LaunchScreen.xib */; };
		8064385F1A634512005BB85D /* TipsyTests.m in Sources */ = {isa = PBXBuildFile; fileRef = 8064385E1A634512005BB85D /* TipsyTests.m */; };
		806438731A635652005BB85D /* TipViewController.m in Sources */ = {isa = PBXBuildFile; fileRef = 806438711A635652005BB85D /* TipViewController.m */; };
		806438741A635652005BB85D /* TipViewController.xib in Resources */ = {isa = PBXBuildFile; fileRef = 806438721A635652005BB85D /* TipViewController.xib */; };
/* End PBXBuildFile section */

/* Begin PBXContainerItemProxy section */
		806438591A634512005BB85D /* PBXContainerItemProxy */ = {
			isa = PBXContainerItemProxy;
			containerPortal = 806438371A634512005BB85D /* Project object */;
			proxyType = 1;
			remoteGlobalIDString = 8064383E1A634512005BB85D;
			remoteInfo = Tipsy;
		};
/* End PBXContainerItemProxy section */

/* Begin PBXFileReference section */
		8064383F1A634512005BB85D /* Tipsy.app */ = {isa = PBXFileReference; explicitFileType = wrapper.application; includeInIndex = 0; path = Tipsy.app; sourceTree = BUILT_PRODUCTS_DIR; };
		806438431A634512005BB85D /* Info.plist */ = {isa = PBXFileReference; lastKnownFileType = text.plist.xml; path = Info.plist; sourceTree = "<group>"; };
		806438441A634512005BB85D /* main.m */ = {isa = PBXFileReference; lastKnownFileType = sourcecode.c.objc; path = main.m; sourceTree = "<group>"; };
		806438461A634512005BB85D /* AppDelegate.h */ = {isa = PBXFileReference; lastKnownFileType = sourcecode.c.h; path = AppDelegate.h; sourceTree = "<group>"; };
		806438471A634512005BB85D /* AppDelegate.m */ = {isa = PBXFileReference; lastKnownFileType = sourcecode.c.objc; path = AppDelegate.m; sourceTree = "<group>"; };
		806438491A634512005BB85D /* ViewController.h */ = {isa = PBXFileReference; lastKnownFileType = sourcecode.c.h; path = ViewController.h; sourceTree = "<group>"; };
		8064384A1A634512005BB85D /* ViewController.m */ = {isa = PBXFileReference; lastKnownFileType = sourcecode.c.objc; path = ViewController.m; sourceTree = "<group>"; };
		8064384D1A634512005BB85D /* Base */ = {isa = PBXFileReference; lastKnownFileType = file.storyboard; name = Base; path = Base.lproj/Main.storyboard; sourceTree = "<group>"; };
		8064384F1A634512005BB85D /* Images.xcassets */ = {isa = PBXFileReference; lastKnownFileType = folder.assetcatalog; path = Images.xcassets; sourceTree = "<group>"; };
		806438521A634512005BB85D /* Base */ = {isa = PBXFileReference; lastKnownFileType = file.xib; name = Base; path = Base.lproj/LaunchScreen.xib; sourceTree = "<group>"; };
		806438581A634512005BB85D /* TipsyTests.xctest */ = {isa = PBXFileReference; explicitFileType = wrapper.cfbundle; includeInIndex = 0; path = TipsyTests.xctest; sourceTree = BUILT_PRODUCTS_DIR; };
		8064385D1A634512005BB85D /* Info.plist */ = {isa = PBXFileReference; lastKnownFileType = text.plist.xml; path = Info.plist; sourceTree = "<group>"; };
		8064385E1A634512005BB85D /* TipsyTests.m */ = {isa = PBXFileReference; lastKnownFileType = sourcecode.c.objc; path = TipsyTests.m; sourceTree = "<group>"; };
		806438701A635652005BB85D /* TipViewController.h */ = {isa = PBXFileReference; fileEncoding = 4; lastKnownFileType = sourcecode.c.h; name = TipViewController.h; path = ../TipViewController.h; sourceTree = "<group>"; };
		806438711A635652005BB85D /* TipViewController.m */ = {isa = PBXFileReference; fileEncoding = 4; lastKnownFileType = sourcecode.c.objc; name = TipViewController.m; path = ../TipViewController.m; sourceTree = "<group>"; };
		806438721A635652005BB85D /* TipViewController.xib */ = {isa = PBXFileReference; fileEncoding = 4; lastKnownFileType = file.xib; name = TipViewController.xib; path = ../TipViewController.xib; sourceTree = "<group>"; };
/* End PBXFileReference section */

/* Begin PBXFrameworksBuildPhase section */
		8064383C1A634512005BB85D /* Frameworks */ = {
			isa = PBXFrameworksBuildPhase;
			buildActionMask = 2147483647;
			files = (
			);
			runOnlyForDeploymentPostprocessing = 0;
		};
		806438551A634512005BB85D /* Frameworks */ = {
			isa = PBXFrameworksBuildPhase;
			buildActionMask = 2147483647;
			files = (
			);
			runOnlyForDeploymentPostprocessing = 0;
		};
/* End PBXFrameworksBuildPhase section */

/* Begin PBXGroup section */
		806438361A634512005BB85D = {
			isa = PBXGroup;
			children = (
				806438411A634512005BB85D /* Tipsy */,
				8064385B1A634512005BB85D /* TipsyTests */,
				806438401A634512005BB85D /* Products */,
			);
			sourceTree = "<group>";
		};
		806438401A634512005BB85D /* Products */ = {
			isa = PBXGroup;
			children = (
				8064383F1A634512005BB85D /* Tipsy.app */,
				806438581A634512005BB85D /* TipsyTests.xctest */,
			);
			name = Products;
			sourceTree = "<group>";
		};
		806438411A634512005BB85D /* Tipsy */ = {
			isa = PBXGroup;
			children = (
				806438711A635652005BB85D /* TipViewController.m */,
				806438721A635652005BB85D /* TipViewController.xib */,
				806438701A635652005BB85D /* TipViewController.h */,
				806438461A634512005BB85D /* AppDelegate.h */,
				806438471A634512005BB85D /* AppDelegate.m */,
				806438491A634512005BB85D /* ViewController.h */,
				8064384A1A634512005BB85D /* ViewController.m */,
				8064384C1A634512005BB85D /* Main.storyboard */,
				8064384F1A634512005BB85D /* Images.xcassets */,
				806438511A634512005BB85D /* LaunchScreen.xib */,
				806438421A634512005BB85D /* Supporting Files */,
			);
			path = Tipsy;
			sourceTree = "<group>";
		};
		806438421A634512005BB85D /* Supporting Files */ = {
			isa = PBXGroup;
			children = (
				806438431A634512005BB85D /* Info.plist */,
				806438441A634512005BB85D /* main.m */,
			);
			name = "Supporting Files";
			sourceTree = "<group>";
		};
		8064385B1A634512005BB85D /* TipsyTests */ = {
			isa = PBXGroup;
			children = (
				8064385E1A634512005BB85D /* TipsyTests.m */,
				8064385C1A634512005BB85D /* Supporting Files */,
			);
			path = TipsyTests;
			sourceTree = "<group>";
		};
		8064385C1A634512005BB85D /* Supporting Files */ = {
			isa = PBXGroup;
			children = (
				8064385D1A634512005BB85D /* Info.plist */,
			);
			name = "Supporting Files";
			sourceTree = "<group>";
		};
/* End PBXGroup section */

/* Begin PBXNativeTarget section */
		8064383E1A634512005BB85D /* Tipsy */ = {
			isa = PBXNativeTarget;
			buildConfigurationList = 806438621A634512005BB85D /* Build configuration list for PBXNativeTarget "Tipsy" */;
			buildPhases = (
				8064383B1A634512005BB85D /* Sources */,
				8064383C1A634512005BB85D /* Frameworks */,
				8064383D1A634512005BB85D /* Resources */,
			);
			buildRules = (
			);
			dependencies = (
			);
			name = Tipsy;
			productName = Tipsy;
			productReference = 8064383F1A634512005BB85D /* Tipsy.app */;
			productType = "com.apple.product-type.application";
		};
		806438571A634512005BB85D /* TipsyTests */ = {
			isa = PBXNativeTarget;
			buildConfigurationList = 806438651A634512005BB85D /* Build configuration list for PBXNativeTarget "TipsyTests" */;
			buildPhases = (
				806438541A634512005BB85D /* Sources */,
				806438551A634512005BB85D /* Frameworks */,
				806438561A634512005BB85D /* Resources */,
			);
			buildRules = (
			);
			dependencies = (
				8064385A1A634512005BB85D /* PBXTargetDependency */,
			);
			name = TipsyTests;
			productName = TipsyTests;
			productReference = 806438581A634512005BB85D /* TipsyTests.xctest */;
			productType = "com.apple.product-type.bundle.unit-test";
		};
/* End PBXNativeTarget section */

/* Begin PBXProject section */
		806438371A634512005BB85D /* Project object */ = {
			isa = PBXProject;
			attributes = {
				LastUpgradeCheck = 0610;
				ORGANIZATIONNAME = "Nadeem Khan";
				TargetAttributes = {
					8064383E1A634512005BB85D = {
						CreatedOnToolsVersion = 6.1;
					};
					806438571A634512005BB85D = {
						CreatedOnToolsVersion = 6.1;
						TestTargetID = 8064383E1A634512005BB85D;
					};
				};
			};
			buildConfigurationList = 8064383A1A634512005BB85D /* Build configuration list for PBXProject "Tipsy" */;
			compatibilityVersion = "Xcode 3.2";
			developmentRegion = English;
			hasScannedForEncodings = 0;
			knownRegions = (
				en,
				Base,
			);
			mainGroup = 806438361A634512005BB85D;
			productRefGroup = 806438401A634512005BB85D /* Products */;
			projectDirPath = "";
			projectRoot = "";
			targets = (
				8064383E1A634512005BB85D /* Tipsy */,
				806438571A634512005BB85D /* TipsyTests */,
			);
		};
/* End PBXProject section */

/* Begin PBXResourcesBuildPhase section */
		8064383D1A634512005BB85D /* Resources */ = {
			isa = PBXResourcesBuildPhase;
			buildActionMask = 2147483647;
			files = (
				8064384E1A634512005BB85D /* Main.storyboard in Resources */,
				806438531A634512005BB85D /* LaunchScreen.xib in Resources */,
				806438741A635652005BB85D /* TipViewController.xib in Resources */,
				806438501A634512005BB85D /* Images.xcassets in Resources */,
			);
			runOnlyForDeploymentPostprocessing = 0;
		};
		806438561A634512005BB85D /* Resources */ = {
			isa = PBXResourcesBuildPhase;
			buildActionMask = 2147483647;
			files = (
			);
			runOnlyForDeploymentPostprocessing = 0;
		};
/* End PBXResourcesBuildPhase section */

/* Begin PBXSourcesBuildPhase section */
		8064383B1A634512005BB85D /* Sources */ = {
			isa = PBXSourcesBuildPhase;
			buildActionMask = 2147483647;
			files = (
				8064384B1A634512005BB85D /* ViewController.m in Sources */,
				806438481A634512005BB85D /* AppDelegate.m in Sources */,
				806438731A635652005BB85D /* TipViewController.m in Sources */,
				806438451A634512005BB85D /* main.m in Sources */,
			);
			runOnlyForDeploymentPostprocessing = 0;
		};
		806438541A634512005BB85D /* Sources */ = {
			isa = PBXSourcesBuildPhase;
			buildActionMask = 2147483647;
			files = (
				8064385F1A634512005BB85D /* TipsyTests.m in Sources */,
			);
			runOnlyForDeploymentPostprocessing = 0;
		};
/* End PBXSourcesBuildPhase section */

/* Begin PBXTargetDependency section */
		8064385A1A634512005BB85D /* PBXTargetDependency */ = {
			isa = PBXTargetDependency;
			target = 8064383E1A634512005BB85D /* Tipsy */;
			targetProxy = 806438591A634512005BB85D /* PBXContainerItemProxy */;
		};
/* End PBXTargetDependency section */

/* Begin PBXVariantGroup section */
		8064384C1A634512005BB85D /* Main.storyboard */ = {
			isa = PBXVariantGroup;
			children = (
				8064384D1A634512005BB85D /* Base */,
			);
			name = Main.storyboard;
			sourceTree = "<group>";
		};
		806438511A634512005BB85D /* LaunchScreen.xib */ = {
			isa = PBXVariantGroup;
			children = (
				806438521A634512005BB85D /* Base */,
			);
			name = LaunchScreen.xib;
			sourceTree = "<group>";
		};
/* End PBXVariantGroup section */

/* Begin XCBuildConfiguration section */
		806438601A634512005BB85D /* Debug */ = {
			isa = XCBuildConfiguration;
			buildSettings = {
				ALWAYS_SEARCH_USER_PATHS = NO;
				CLANG_CXX_LANGUAGE_STANDARD = "gnu++0x";
				CLANG_CXX_LIBRARY = "libc++";
				CLANG_ENABLE_MODULES = YES;
				CLANG_ENABLE_OBJC_ARC = YES;
				CLANG_WARN_BOOL_CONVERSION = YES;
				CLANG_WARN_CONSTANT_CONVERSION = YES;
				CLANG_WARN_DIRECT_OBJC_ISA_USAGE = YES_ERROR;
				CLANG_WARN_EMPTY_BODY = YES;
				CLANG_WARN_ENUM_CONVERSION = YES;
				CLANG_WARN_INT_CONVERSION = YES;
				CLANG_WARN_OBJC_ROOT_CLASS = YES_ERROR;
				CLANG_WARN_UNREACHABLE_CODE = YES;
				CLANG_WARN__DUPLICATE_METHOD_MATCH = YES;
				"CODE_SIGN_IDENTITY[sdk=iphoneos*]" = "iPhone Developer";
				COPY_PHASE_STRIP = NO;
				ENABLE_STRICT_OBJC_MSGSEND = YES;
				GCC_C_LANGUAGE_STANDARD = gnu99;
				GCC_DYNAMIC_NO_PIC = NO;
				GCC_OPTIMIZATION_LEVEL = 0;
				GCC_PREPROCESSOR_DEFINITIONS = (
					"DEBUG=1",
					"$(inherited)",
				);
				GCC_SYMBOLS_PRIVATE_EXTERN = NO;
				GCC_WARN_64_TO_32_BIT_CONVERSION = YES;
				GCC_WARN_ABOUT_RETURN_TYPE = YES_ERROR;
				GCC_WARN_UNDECLARED_SELECTOR = YES;
				GCC_WARN_UNINITIALIZED_AUTOS = YES_AGGRESSIVE;
				GCC_WARN_UNUSED_FUNCTION = YES;
				GCC_WARN_UNUSED_VARIABLE = YES;
				IPHONEOS_DEPLOYMENT_TARGET = 8.1;
				MTL_ENABLE_DEBUG_INFO = YES;
				ONLY_ACTIVE_ARCH = YES;
				SDKROOT = iphoneos;
			};
			name = Debug;
		};
		806438611A634512005BB85D /* Release */ = {
			isa = XCBuildConfiguration;
			buildSettings = {
				ALWAYS_SEARCH_USER_PATHS = NO;
				CLANG_CXX_LANGUAGE_STANDARD = "gnu++0x";
				CLANG_CXX_LIBRARY = "libc++";
				CLANG_ENABLE_MODULES = YES;
				CLANG_ENABLE_OBJC_ARC = YES;
				CLANG_WARN_BOOL_CONVERSION = YES;
				CLANG_WARN_CONSTANT_CONVERSION = YES;
				CLANG_WARN_DIRECT_OBJC_ISA_USAGE = YES_ERROR;
				CLANG_WARN_EMPTY_BODY = YES;
				CLANG_WARN_ENUM_CONVERSION = YES;
				CLANG_WARN_INT_CONVERSION = YES;
				CLANG_WARN_OBJC_ROOT_CLASS = YES_ERROR;
				CLANG_WARN_UNREACHABLE_CODE = YES;
				CLANG_WARN__DUPLICATE_METHOD_MATCH = YES;
				"CODE_SIGN_IDENTITY[sdk=iphoneos*]" = "iPhone Developer";
				COPY_PHASE_STRIP = YES;
				ENABLE_NS_ASSERTIONS = NO;
				ENABLE_STRICT_OBJC_MSGSEND = YES;
				GCC_C_LANGUAGE_STANDARD = gnu99;
				GCC_WARN_64_TO_32_BIT_CONVERSION = YES;
				GCC_WARN_ABOUT_RETURN_TYPE = YES_ERROR;
				GCC_WARN_UNDECLARED_SELECTOR = YES;
				GCC_WARN_UNINITIALIZED_AUTOS = YES_AGGRESSIVE;
				GCC_WARN_UNUSED_FUNCTION = YES;
				GCC_WARN_UNUSED_VARIABLE = YES;
				IPHONEOS_DEPLOYMENT_TARGET = 8.1;
				MTL_ENABLE_DEBUG_INFO = NO;
				SDKROOT = iphoneos;
				VALIDATE_PRODUCT = YES;
			};
			name = Release;
		};
		806438631A634512005BB85D /* Debug */ = {
			isa = XCBuildConfiguration;
			buildSettings = {
				ASSETCATALOG_COMPILER_APPICON_NAME = AppIcon;
				INFOPLIST_FILE = Tipsy/Info.plist;
				IPHONEOS_DEPLOYMENT_TARGET = 7.0;
				LD_RUNPATH_SEARCH_PATHS = "$(inherited) @executable_path/Frameworks";
				PRODUCT_NAME = "$(TARGET_NAME)";
				TARGETED_DEVICE_FAMILY = 1;
			};
			name = Debug;
		};
		806438641A634512005BB85D /* Release */ = {
			isa = XCBuildConfiguration;
			buildSettings = {
				ASSETCATALOG_COMPILER_APPICON_NAME = AppIcon;
				INFOPLIST_FILE = Tipsy/Info.plist;
				IPHONEOS_DEPLOYMENT_TARGET = 7.0;
				LD_RUNPATH_SEARCH_PATHS = "$(inherited) @executable_path/Frameworks";
				PRODUCT_NAME = "$(TARGET_NAME)";
				TARGETED_DEVICE_FAMILY = 1;
			};
			name = Release;
		};
		806438661A634512005BB85D /* Debug */ = {
			isa = XCBuildConfiguration;
			buildSettings = {
				BUNDLE_LOADER = "$(TEST_HOST)";
				FRAMEWORK_SEARCH_PATHS = (
					"$(SDKROOT)/Developer/Library/Frameworks",
					"$(inherited)",
				);
				GCC_PREPROCESSOR_DEFINITIONS = (
					"DEBUG=1",
					"$(inherited)",
				);
				INFOPLIST_FILE = TipsyTests/Info.plist;
				LD_RUNPATH_SEARCH_PATHS = "$(inherited) @executable_path/Frameworks @loader_path/Frameworks";
				PRODUCT_NAME = "$(TARGET_NAME)";
				TEST_HOST = "$(BUILT_PRODUCTS_DIR)/Tipsy.app/Tipsy";
			};
			name = Debug;
		};
		806438671A634512005BB85D /* Release */ = {
			isa = XCBuildConfiguration;
			buildSettings = {
				BUNDLE_LOADER = "$(TEST_HOST)";
				FRAMEWORK_SEARCH_PATHS = (
					"$(SDKROOT)/Developer/Library/Frameworks",
					"$(inherited)",
				);
				INFOPLIST_FILE = TipsyTests/Info.plist;
				LD_RUNPATH_SEARCH_PATHS = "$(inherited) @executable_path/Frameworks @loader_path/Frameworks";
				PRODUCT_NAME = "$(TARGET_NAME)";
				TEST_HOST = "$(BUILT_PRODUCTS_DIR)/Tipsy.app/Tipsy";
			};
			name = Release;
		};
/* End XCBuildConfiguration section */

/* Begin XCConfigurationList section */
		8064383A1A634512005BB85D /* Build configuration list for PBXProject "Tipsy" */ = {
			isa = XCConfigurationList;
			buildConfigurations = (
				806438601A634512005BB85D /* Debug */,
				806438611A634512005BB85D /* Release */,
			);
			defaultConfigurationIsVisible = 0;
			defaultConfigurationName = Release;
		};
		806438621A634512005BB85D /* Build configuration list for PBXNativeTarget "Tipsy" */ = {
			isa = XCConfigurationList;
			buildConfigurations = (
				806438631A634512005BB85D /* Debug */,
				806438641A634512005BB85D /* Release */,
			);
			defaultConfigurationIsVisible = 0;
		};
		806438651A634512005BB85D /* Build configuration list for PBXNativeTarget "TipsyTests" */ = {
			isa = XCConfigurationList;
			buildConfigurations = (
				806438661A634512005BB85D /* Debug */,
				806438671A634512005BB85D /* Release */,
			);
			defaultConfigurationIsVisible = 0;
		};
/* End XCConfigurationList section */
	};
	rootObject = 806438371A634512005BB85D /* Project object */;
}
